
Microsoft Visual Studio Solution File, Format Version 12.00
# Visual Studio Version 17
VisualStudioVersion = 17.0.31903.59
MinimumVisualStudioVersion = 10.0.40219.1
Project("{9A19103F-16F7-4668-BE54-9A1E7A4F7556}") = "AdventOfCode", "AdventOfCode\AdventOfCode.csproj", "{27189EC9-FD39-413D-B441-E3751E658D08}"
EndProject
Global
	GlobalSection(SolutionConfigurationPlatforms) = preSolution
		Debug|Any CPU = Debug|Any CPU
		Release|Any CPU = Release|Any CPU
	EndGlobalSection
	GlobalSection(ProjectConfigurationPlatforms) = postSolution
		{27189EC9-FD39-413D-B441-E3751E658D08}.Debug|Any CPU.ActiveCfg = Debug|Any CPU
		{27189EC9-FD39-413D-B441-E3751E658D08}.Debug|Any CPU.Build.0 = Debug|Any CPU
		{27189EC9-FD39-413D-B441-E3751E658D08}.Release|Any CPU.ActiveCfg = Release|Any CPU
		{27189EC9-FD39-413D-B441-E3751E658D08}.Release|Any CPU.Build.0 = Release|Any CPU
	EndGlobalSection
	GlobalSection(SolutionProperties) = preSolution
		HideSolutionNode = FALSE
	EndGlobalSection
	GlobalSection(ExtensibilityGlobals) = postSolution
		SolutionGuid = {E10646D4-C9A7-43D0-A703-C749345AAA85}
	EndGlobalSection
EndGlobal
